Microsoft Visual Studio Solution File, Format Version 12.00
# Visual Studio Version 17
VisualStudioVersion = 17.5.2.0
MinimumVisualStudioVersion = 10.0.40219.1
Project("{FAE04EC0-301F-11D3-BF4B-00C04F79EFBC}") = "Constants", "Constants.csproj", "{014BF790-4275-CB84-D513-00DC90742ABA}"
EndProject
Global
	GlobalSection(SolutionConfigurationPlatforms) = preSolution
		Debug|Any CPU = Debug|Any CPU
		Release|Any CPU = Release|Any CPU
	EndGlobalSection
	GlobalSection(ProjectConfigurationPlatforms) = postSolution
		{014BF790-4275-CB84-D513-00DC90742ABA}.Debug|Any CPU.ActiveCfg = Debug|Any CPU
		{014BF790-4275-CB84-D513-00DC90742ABA}.Debug|Any CPU.Build.0 = Debug|Any CPU
		{014BF790-4275-CB84-D513-00DC90742ABA}.Release|Any CPU.ActiveCfg = Release|Any CPU
		{014BF790-4275-CB84-D513-00DC90742ABA}.Release|Any CPU.Build.0 = Release|Any CPU
	EndGlobalSection
	GlobalSection(SolutionProperties) = preSolution
		HideSolutionNode = FALSE
	EndGlobalSection
	GlobalSection(ExtensibilityGlobals) = postSolution
		SolutionGuid = {211D0013-52BB-46B8-A0B0-B5CDB3E89430}
	EndGlobalSection
EndGlobal
