Microsoft Visual Studio Solution File, Format Version 12.00
# Visual Studio Version 17
VisualStudioVersion = 17.5.2.0
MinimumVisualStudioVersion = 10.0.40219.1
Project("{FAE04EC0-301F-11D3-BF4B-00C04F79EFBC}") = "StringFormatting", "StringFormatting.csproj", "{AE525B0B-C9FC-5E54-F283-FF3E06D3B280}"
EndProject
Global
	GlobalSection(SolutionConfigurationPlatforms) = preSolution
		Debug|Any CPU = Debug|Any CPU
		Release|Any CPU = Release|Any CPU
	EndGlobalSection
	GlobalSection(ProjectConfigurationPlatforms) = postSolution
		{AE525B0B-C9FC-5E54-F283-FF3E06D3B280}.Debug|Any CPU.ActiveCfg = Debug|Any CPU
		{AE525B0B-C9FC-5E54-F283-FF3E06D3B280}.Debug|Any CPU.Build.0 = Debug|Any CPU
		{AE525B0B-C9FC-5E54-F283-FF3E06D3B280}.Release|Any CPU.ActiveCfg = Release|Any CPU
		{AE525B0B-C9FC-5E54-F283-FF3E06D3B280}.Release|Any CPU.Build.0 = Release|Any CPU
	EndGlobalSection
	GlobalSection(SolutionProperties) = preSolution
		HideSolutionNode = FALSE
	EndGlobalSection
	GlobalSection(ExtensibilityGlobals) = postSolution
		SolutionGuid = {BABA25B3-F489-469E-AEAE-7035A9706E62}
	EndGlobalSection
EndGlobal
