Microsoft Visual Studio Solution File, Format Version 12.00
# Visual Studio Version 17
VisualStudioVersion = 17.5.2.0
MinimumVisualStudioVersion = 10.0.40219.1
Project("{FAE04EC0-301F-11D3-BF4B-00C04F79EFBC}") = "ExplicitTypeConversion", "ExplicitTypeConversion.csproj", "{5821565A-D8D6-AB9F-967F-133F14793D0F}"
EndProject
Global
	GlobalSection(SolutionConfigurationPlatforms) = preSolution
		Debug|Any CPU = Debug|Any CPU
		Release|Any CPU = Release|Any CPU
	EndGlobalSection
	GlobalSection(ProjectConfigurationPlatforms) = postSolution
		{5821565A-D8D6-AB9F-967F-133F14793D0F}.Debug|Any CPU.ActiveCfg = Debug|Any CPU
		{5821565A-D8D6-AB9F-967F-133F14793D0F}.Debug|Any CPU.Build.0 = Debug|Any CPU
		{5821565A-D8D6-AB9F-967F-133F14793D0F}.Release|Any CPU.ActiveCfg = Release|Any CPU
		{5821565A-D8D6-AB9F-967F-133F14793D0F}.Release|Any CPU.Build.0 = Release|Any CPU
	EndGlobalSection
	GlobalSection(SolutionProperties) = preSolution
		HideSolutionNode = FALSE
	EndGlobalSection
	GlobalSection(ExtensibilityGlobals) = postSolution
		SolutionGuid = {104FC2D0-B09B-46A7-8AC5-167C1CEF85E9}
	EndGlobalSection
EndGlobal
