
Microsoft Visual Studio Solution File, Format Version 12.00
# Visual Studio Version 17
VisualStudioVersion = 17.14.36511.14 d17.14
MinimumVisualStudioVersion = 10.0.40219.1
Project("{8BC9CEB8-8B4A-11D0-8D11-00A0C91BC942}") = "HelloWorld", "HelloWorld.vcxproj", "{FB9DE81F-2FED-4B41-B0F5-DD87C7BAC053}"
EndProject
Project("{2150E333-8FDC-42A3-9474-1A3956D46DE8}") = "솔루션 항목", "솔루션 항목", "{2A3A057F-5D22-31FD-628C-DF5EF75AEF1E}"
	ProjectSection(SolutionItems) = preProject
		.gitignore = .gitignore
	EndProjectSection
EndProject
Project("{2150E333-8FDC-42A3-9474-1A3956D46DE8}") = "Solution Items", "Solution Items", "{C8D5274F-AC00-46C7-1F8D-E88E81087A52}"
	ProjectSection(SolutionItems) = preProject
		.editorconfig = .editorconfig
	EndProjectSection
EndProject
Global
	GlobalSection(SolutionConfigurationPlatforms) = preSolution
		Debug|x64 = Debug|x64
		Debug|x86 = Debug|x86
		Release|x64 = Release|x64
		Release|x86 = Release|x86
	EndGlobalSection
	GlobalSection(ProjectConfigurationPlatforms) = postSolution
		{FB9DE81F-2FED-4B41-B0F5-DD87C7BAC053}.Debug|x64.ActiveCfg = Debug|x64
		{FB9DE81F-2FED-4B41-B0F5-DD87C7BAC053}.Debug|x64.Build.0 = Debug|x64
		{FB9DE81F-2FED-4B41-B0F5-DD87C7BAC053}.Debug|x86.ActiveCfg = Debug|Win32
		{FB9DE81F-2FED-4B41-B0F5-DD87C7BAC053}.Debug|x86.Build.0 = Debug|Win32
		{FB9DE81F-2FED-4B41-B0F5-DD87C7BAC053}.Release|x64.ActiveCfg = Release|x64
		{FB9DE81F-2FED-4B41-B0F5-DD87C7BAC053}.Release|x64.Build.0 = Release|x64
		{FB9DE81F-2FED-4B41-B0F5-DD87C7BAC053}.Release|x86.ActiveCfg = Release|Win32
		{FB9DE81F-2FED-4B41-B0F5-DD87C7BAC053}.Release|x86.Build.0 = Release|Win32
	EndGlobalSection
	GlobalSection(SolutionProperties) = preSolution
		HideSolutionNode = FALSE
	EndGlobalSection
	GlobalSection(ExtensibilityGlobals) = postSolution
		SolutionGuid = {A383139D-DEE3-4071-9173-7F1863D4C22C}
	EndGlobalSection
EndGlobal
