Microsoft Visual Studio Solution File, Format Version 12.00
# Visual Studio Version 17
VisualStudioVersion = 17.5.2.0
MinimumVisualStudioVersion = 10.0.40219.1
Project("{FAE04EC0-301F-11D3-BF4B-00C04F79EFBC}") = "LogicalExpression", "LogicalExpression.csproj", "{A449F8FD-85CA-AD59-5E69-994BF3DCCF4B}"
EndProject
Global
	GlobalSection(SolutionConfigurationPlatforms) = preSolution
		Debug|Any CPU = Debug|Any CPU
		Release|Any CPU = Release|Any CPU
	EndGlobalSection
	GlobalSection(ProjectConfigurationPlatforms) = postSolution
		{A449F8FD-85CA-AD59-5E69-994BF3DCCF4B}.Debug|Any CPU.ActiveCfg = Debug|Any CPU
		{A449F8FD-85CA-AD59-5E69-994BF3DCCF4B}.Debug|Any CPU.Build.0 = Debug|Any CPU
		{A449F8FD-85CA-AD59-5E69-994BF3DCCF4B}.Release|Any CPU.ActiveCfg = Release|Any CPU
		{A449F8FD-85CA-AD59-5E69-994BF3DCCF4B}.Release|Any CPU.Build.0 = Release|Any CPU
	EndGlobalSection
	GlobalSection(SolutionProperties) = preSolution
		HideSolutionNode = FALSE
	EndGlobalSection
	GlobalSection(ExtensibilityGlobals) = postSolution
		SolutionGuid = {96912412-DC1A-419E-A0E7-2A86655803C4}
	EndGlobalSection
EndGlobal
