Microsoft Visual Studio Solution File, Format Version 12.00
# Visual Studio Version 17
VisualStudioVersion = 17.5.2.0
MinimumVisualStudioVersion = 10.0.40219.1
Project("{FAE04EC0-301F-11D3-BF4B-00C04F79EFBC}") = "Output", "Output.csproj", "{021E96BE-5D02-0DBE-2DC9-C8167A636CEE}"
EndProject
Global
	GlobalSection(SolutionConfigurationPlatforms) = preSolution
		Debug|Any CPU = Debug|Any CPU
		Release|Any CPU = Release|Any CPU
	EndGlobalSection
	GlobalSection(ProjectConfigurationPlatforms) = postSolution
		{021E96BE-5D02-0DBE-2DC9-C8167A636CEE}.Debug|Any CPU.ActiveCfg = Debug|Any CPU
		{021E96BE-5D02-0DBE-2DC9-C8167A636CEE}.Debug|Any CPU.Build.0 = Debug|Any CPU
		{021E96BE-5D02-0DBE-2DC9-C8167A636CEE}.Release|Any CPU.ActiveCfg = Release|Any CPU
		{021E96BE-5D02-0DBE-2DC9-C8167A636CEE}.Release|Any CPU.Build.0 = Release|Any CPU
	EndGlobalSection
	GlobalSection(SolutionProperties) = preSolution
		HideSolutionNode = FALSE
	EndGlobalSection
	GlobalSection(ExtensibilityGlobals) = postSolution
		SolutionGuid = {E521B4E6-C28C-4F69-A12A-FDFF92E8AC26}
	EndGlobalSection
EndGlobal
